<?xml version="1.0" encoding="utf-8"?>
<Project ToolsVersion="4.0" xmlns="http://schemas.microsoft.com/developer/msbuild/2003">
  <ItemGroup>
    <Filter Include="Source Files">
      <UniqueIdentifier>{4FC737F1-C7A5-4376-A066-2A32D752A2FF}</UniqueIdentifier>
      <Extensions>cpp;c;cc;cxx;def;odl;idl;hpj;bat;asm;asmx</Extensions>
    </Filter>
    <Filter Include="Header Files">
      <UniqueIdentifier>{93995380-89BD-4b04-88EB-625FBE52EBFB}</UniqueIdentifier>
      <Extensions>h;hh;hpp;hxx;hm;inl;inc;xsd</Extensions>
    </Filter>
    <Filter Include="Resource Files">
      <UniqueIdentifier>{67DA6AB6-F800-4c08-8B7A-83BB121AAD01}</UniqueIdentifier>
      <Extensions>rc;ico;cur;bmp;dlg;rc2;rct;bin;rgs;gif;jpg;jpeg;jpe;resx;tiff;tif;png;wav;mfcribbon-ms</Extensions>
    </Filter>
  </ItemGroup>
  <ItemGroup>
    <Text Include="readme.txt" />
  </ItemGroup>
  <ItemGroup>
    <ClInclude Include="Include\OVR.h">
      <Filter>Header Files</Filter>
    </ClInclude>
    <ClInclude Include="Include\OVRVersion.h">
      <Filter>Header Files</Filter>
    </ClInclude>
    <ClInclude Include="Src\Kernel\OVR_Alg.h">
      <Filter>Header Files</Filter>
    </ClInclude>
    <ClInclude Include="Src\Kernel\OVR_Allocator.h">
      <Filter>Header Files</Filter>
    </ClInclude>
    <ClInclude Include="Src\Kernel\OVR_Array.h">
      <Filter>Header Files</Filter>
    </ClInclude>
    <ClInclude Include="Src\Kernel\OVR_Atomic.h">
      <Filter>Header Files</Filter>
    </ClInclude>
    <ClInclude Include="Src\Kernel\OVR_Color.h">
      <Filter>Header Files</Filter>
    </ClInclude>
    <ClInclude Include="Src\Kernel\OVR_ContainerAllocator.h">
      <Filter>Header Files</Filter>
    </ClInclude>
    <ClInclude Include="Src\Kernel\OVR_File.h">
      <Filter>Header Files</Filter>
    </ClInclude>
    <ClInclude Include="Src\Kernel\OVR_Hash.h">
      <Filter>Header Files</Filter>
    </ClInclude>
    <ClInclude Include="Src\Kernel\OVR_KeyCodes.h">
      <Filter>Header Files</Filter>
    </ClInclude>
    <ClInclude Include="Src\Kernel\OVR_List.h">
      <Filter>Header Files</Filter>
    </ClInclude>
    <ClInclude Include="Src\Kernel\OVR_Log.h">
      <Filter>Header Files</Filter>
    </ClInclude>
    <ClInclude Include="Src\Kernel\OVR_Math.h">
      <Filter>Header Files</Filter>
    </ClInclude>
    <ClInclude Include="Src\Kernel\OVR_RefCount.h">
      <Filter>Header Files</Filter>
    </ClInclude>
    <ClInclude Include="Src\Kernel\OVR_Std.h">
      <Filter>Header Files</Filter>
    </ClInclude>
    <ClInclude Include="Src\Kernel\OVR_String.h">
      <Filter>Header Files</Filter>
    </ClInclude>
    <ClInclude Include="Src\Kernel\OVR_StringHash.h">
      <Filter>Header Files</Filter>
    </ClInclude>
    <ClInclude Include="Src\Kernel\OVR_SysFile.h">
      <Filter>Header Files</Filter>
    </ClInclude>
    <ClInclude Include="Src\Kernel\OVR_System.h">
      <Filter>Header Files</Filter>
    </ClInclude>
    <ClInclude Include="Src\Kernel\OVR_Threads.h">
      <Filter>Header Files</Filter>
    </ClInclude>
    <ClInclude Include="Src\Kernel\OVR_Timer.h">
      <Filter>Header Files</Filter>
    </ClInclude>
    <ClInclude Include="Src\Kernel\OVR_Types.h">
      <Filter>Header Files</Filter>
    </ClInclude>
    <ClInclude Include="Src\Kernel\OVR_UTF8Util.h">
      <Filter>Header Files</Filter>
    </ClInclude>
    <ClInclude Include="Src\OVR_Device.h">
      <Filter>Header Files</Filter>
    </ClInclude>
    <ClInclude Include="Src\OVR_DeviceConstants.h">
      <Filter>Header Files</Filter>
    </ClInclude>
    <ClInclude Include="Src\OVR_DeviceHandle.h">
      <Filter>Header Files</Filter>
    </ClInclude>
    <ClInclude Include="Src\OVR_DeviceImpl.h">
      <Filter>Header Files</Filter>
    </ClInclude>
    <ClInclude Include="Src\OVR_DeviceMessages.h">
      <Filter>Header Files</Filter>
    </ClInclude>
    <ClInclude Include="Src\OVR_HIDDevice.h">
      <Filter>Header Files</Filter>
    </ClInclude>
    <ClInclude Include="Src\OVR_HIDDeviceBase.h">
      <Filter>Header Files</Filter>
    </ClInclude>
    <ClInclude Include="Src\OVR_HIDDeviceImpl.h">
      <Filter>Header Files</Filter>
    </ClInclude>
    <ClInclude Include="Src\OVR_LatencyTestImpl.h">
      <Filter>Header Files</Filter>
    </ClInclude>
    <ClInclude Include="Src\OVR_OSX_DeviceManager.h">
      <Filter>Header Files</Filter>
    </ClInclude>
    <ClInclude Include="Src\OVR_OSX_HIDDevice.h">
      <Filter>Header Files</Filter>
    </ClInclude>
    <ClInclude Include="Src\OVR_OSX_HMDDevice.h">
      <Filter>Header Files</Filter>
    </ClInclude>
    <ClInclude Include="Src\OVR_SensorFilter.h">
      <Filter>Header Files</Filter>
    </ClInclude>
    <ClInclude Include="Src\OVR_SensorFusion.h">
      <Filter>Header Files</Filter>
    </ClInclude>
    <ClInclude Include="Src\OVR_SensorImpl.h">
      <Filter>Header Files</Filter>
    </ClInclude>
    <ClInclude Include="Src\OVR_ThreadCommandQueue.h">
      <Filter>Header Files</Filter>
    </ClInclude>
    <ClInclude Include="Src\OVR_Win32_DeviceManager.h">
      <Filter>Header Files</Filter>
    </ClInclude>
    <ClInclude Include="Src\OVR_Win32_DeviceStatus.h">
      <Filter>Header Files</Filter>
    </ClInclude>
    <ClInclude Include="Src\OVR_Win32_HIDDevice.h">
      <Filter>Header Files</Filter>
    </ClInclude>
    <ClInclude Include="Src\OVR_Win32_HMDDevice.h">
      <Filter>Header Files</Filter>
    </ClInclude>
    <ClInclude Include="Src\OVR_Win32_SensorDevice.h">
      <Filter>Header Files</Filter>
    </ClInclude>
    <ClInclude Include="Src\Util\Util_LatencyTest.h">
      <Filter>Header Files</Filter>
    </ClInclude>
    <ClInclude Include="Src\Util\Util_MagCalibration.h">
      <Filter>Header Files</Filter>
    </ClInclude>
    <ClInclude Include="Src\Util\Util_Render_Stereo.h">
      <Filter>Header Files</Filter>
    </ClInclude>
  </ItemGroup>
  <ItemGroup>
    <ClCompile Include="Src\Kernel\OVR_Alg.cpp">
      <Filter>Source Files</Filter>
    </ClCompile>
    <ClCompile Include="Src\Kernel\OVR_Allocator.cpp">
      <Filter>Source Files</Filter>
    </ClCompile>
    <ClCompile Include="Src\Kernel\OVR_Atomic.cpp">
      <Filter>Source Files</Filter>
    </ClCompile>
    <ClCompile Include="Src\Kernel\OVR_File.cpp">
      <Filter>Source Files</Filter>
    </ClCompile>
    <ClCompile Include="Src\Kernel\OVR_FileFILE.cpp">
      <Filter>Source Files</Filter>
    </ClCompile>
    <ClCompile Include="Src\Kernel\OVR_Log.cpp">
      <Filter>Source Files</Filter>
    </ClCompile>
    <ClCompile Include="Src\Kernel\OVR_Math.cpp">
      <Filter>Source Files</Filter>
    </ClCompile>
    <ClCompile Include="Src\Kernel\OVR_RefCount.cpp">
      <Filter>Source Files</Filter>
    </ClCompile>
    <ClCompile Include="Src\Kernel\OVR_Std.cpp">
      <Filter>Source Files</Filter>
    </ClCompile>
    <ClCompile Include="Src\Kernel\OVR_String.cpp">
      <Filter>Source Files</Filter>
    </ClCompile>
    <ClCompile Include="Src\Kernel\OVR_String_FormatUtil.cpp">
      <Filter>Source Files</Filter>
    </ClCompile>
    <ClCompile Include="Src\Kernel\OVR_String_PathUtil.cpp">
      <Filter>Source Files</Filter>
    </ClCompile>
    <ClCompile Include="Src\Kernel\OVR_SysFile.cpp">
      <Filter>Source Files</Filter>
    </ClCompile>
    <ClCompile Include="Src\Kernel\OVR_System.cpp">
      <Filter>Source Files</Filter>
    </ClCompile>
    <ClCompile Include="Src\Kernel\OVR_ThreadsPthread.cpp">
      <Filter>Source Files</Filter>
    </ClCompile>
    <ClCompile Include="Src\Kernel\OVR_ThreadsWinAPI.cpp">
      <Filter>Source Files</Filter>
    </ClCompile>
    <ClCompile Include="Src\Kernel\OVR_Timer.cpp">
      <Filter>Source Files</Filter>
    </ClCompile>
    <ClCompile Include="Src\Kernel\OVR_UTF8Util.cpp">
      <Filter>Source Files</Filter>
    </ClCompile>
    <ClCompile Include="Src\OVR_DeviceHandle.cpp">
      <Filter>Source Files</Filter>
    </ClCompile>
    <ClCompile Include="Src\OVR_DeviceImpl.cpp">
      <Filter>Source Files</Filter>
    </ClCompile>
    <ClCompile Include="Src\OVR_LatencyTestImpl.cpp">
      <Filter>Source Files</Filter>
    </ClCompile>
    <ClCompile Include="Src\OVR_OSX_DeviceManager.cpp">
      <Filter>Source Files</Filter>
    </ClCompile>
    <ClCompile Include="Src\OVR_OSX_HIDDevice.cpp">
      <Filter>Source Files</Filter>
    </ClCompile>
    <ClCompile Include="Src\OVR_OSX_HMDDevice.cpp">
      <Filter>Source Files</Filter>
    </ClCompile>
    <ClCompile Include="Src\OVR_OSX_SensorDevice.cpp">
      <Filter>Source Files</Filter>
    </ClCompile>
    <ClCompile Include="Src\OVR_SensorFilter.cpp">
      <Filter>Source Files</Filter>
    </ClCompile>
    <ClCompile Include="Src\OVR_SensorFusion.cpp">
      <Filter>Source Files</Filter>
    </ClCompile>
    <ClCompile Include="Src\OVR_SensorImpl.cpp">
      <Filter>Source Files</Filter>
    </ClCompile>
    <ClCompile Include="Src\OVR_ThreadCommandQueue.cpp">
      <Filter>Source Files</Filter>
    </ClCompile>
    <ClCompile Include="Src\OVR_Win32_DeviceManager.cpp">
      <Filter>Source Files</Filter>
    </ClCompile>
    <ClCompile Include="Src\OVR_Win32_DeviceStatus.cpp">
      <Filter>Source Files</Filter>
    </ClCompile>
    <ClCompile Include="Src\OVR_Win32_HIDDevice.cpp">
      <Filter>Source Files</Filter>
    </ClCompile>
    <ClCompile Include="Src\OVR_Win32_HMDDevice.cpp">
      <Filter>Source Files</Filter>
    </ClCompile>
    <ClCompile Include="Src\OVR_Win32_SensorDevice.cpp">
      <Filter>Source Files</Filter>
    </ClCompile>
    <ClCompile Include="Src\Util\Util_LatencyTest.cpp">
      <Filter>Source Files</Filter>
    </ClCompile>
    <ClCompile Include="Src\Util\Util_MagCalibration.cpp">
      <Filter>Source Files</Filter>
    </ClCompile>
    <ClCompile Include="Src\Util\Util_Render_Stereo.cpp">
      <Filter>Source Files</Filter>
    </ClCompile>
  </ItemGroup>
</Project>