
Microsoft Visual Studio Solution File, Format Version 12.00
# Visual Studio 14
VisualStudioVersion = 14.0.25420.1
MinimumVisualStudioVersion = 10.0.40219.1
Project("{FAE04EC0-301F-11D3-BF4B-00C04F79EFBC}") = "WWTExplorer", "WWTExplorer3d\WWTExplorer.csproj", "{733C84E7-58F2-4E09-AC82-58AFD7E7BDD3}"
EndProject
Project("{54435603-DBB4-11D2-8724-00A0C9A8B90C}") = "WorldWide Telescope", "Setup1\Setup1.vdproj", "{6865F98A-B7F4-42B7-B877-4DB859A984D1}"
EndProject
Project("{FAE04EC0-301F-11D3-BF4B-00C04F79EFBC}") = "MakeDataCabinetFile", "MakeDataCabinetFile\MakeDataCabinetFile.csproj", "{14EA0E41-CBB8-45A3-9388-D40AE23D86F5}"
EndProject
Project("{FAE04EC0-301F-11D3-BF4B-00C04F79EFBC}") = "WWTCore", "WWTCore\WWTCore\WWTCore.csproj", "{6C205CAA-423D-48B8-813B-E586E105C71B}"
EndProject
Project("{2150E333-8FDC-42A3-9474-1A3956D46DE8}") = "Solution Items", "Solution Items", "{0EEA2EC3-0F7A-4907-A6C4-886C8AE34220}"
EndProject
Project("{2150E333-8FDC-42A3-9474-1A3956D46DE8}") = ".nuget", ".nuget", "{E5ACF491-FAC5-4E01-9F16-1FFE9025207A}"
	ProjectSection(SolutionItems) = preProject
		.nuget\NuGet.Config = .nuget\NuGet.Config
		.nuget\NuGet.exe = .nuget\NuGet.exe
		.nuget\NuGet.targets = .nuget\NuGet.targets
	EndProjectSection
EndProject
Project("{FAE04EC0-301F-11D3-BF4B-00C04F79EFBC}") = "OculusWrap", "OculusWrap\OculusWrap.csproj", "{737A81A8-553C-49A9-8F17-5ADF691A56B2}"
EndProject
Global
	GlobalSection(SolutionConfigurationPlatforms) = preSolution
		Debug|Any CPU = Debug|Any CPU
		Debug|Mixed Platforms = Debug|Mixed Platforms
		Debug|Win32 = Debug|Win32
		Debug|x64 = Debug|x64
		Debug|x86 = Debug|x86
		Release|Any CPU = Release|Any CPU
		Release|Mixed Platforms = Release|Mixed Platforms
		Release|Win32 = Release|Win32
		Release|x64 = Release|x64
		Release|x86 = Release|x86
	EndGlobalSection
	GlobalSection(ProjectConfigurationPlatforms) = postSolution
		{733C84E7-58F2-4E09-AC82-58AFD7E7BDD3}.Debug|Any CPU.ActiveCfg = Debug|Any CPU
		{733C84E7-58F2-4E09-AC82-58AFD7E7BDD3}.Debug|Any CPU.Build.0 = Debug|Any CPU
		{733C84E7-58F2-4E09-AC82-58AFD7E7BDD3}.Debug|Mixed Platforms.ActiveCfg = Debug|Any CPU
		{733C84E7-58F2-4E09-AC82-58AFD7E7BDD3}.Debug|Mixed Platforms.Build.0 = Debug|Any CPU
		{733C84E7-58F2-4E09-AC82-58AFD7E7BDD3}.Debug|Win32.ActiveCfg = Debug|Any CPU
		{733C84E7-58F2-4E09-AC82-58AFD7E7BDD3}.Debug|Win32.Build.0 = Debug|Any CPU
		{733C84E7-58F2-4E09-AC82-58AFD7E7BDD3}.Debug|x64.ActiveCfg = Debug|x64
		{733C84E7-58F2-4E09-AC82-58AFD7E7BDD3}.Debug|x64.Build.0 = Debug|x64
		{733C84E7-58F2-4E09-AC82-58AFD7E7BDD3}.Debug|x86.ActiveCfg = Debug|x86
		{733C84E7-58F2-4E09-AC82-58AFD7E7BDD3}.Debug|x86.Build.0 = Debug|x86
		{733C84E7-58F2-4E09-AC82-58AFD7E7BDD3}.Release|Any CPU.ActiveCfg = Release|Any CPU
		{733C84E7-58F2-4E09-AC82-58AFD7E7BDD3}.Release|Any CPU.Build.0 = Release|Any CPU
		{733C84E7-58F2-4E09-AC82-58AFD7E7BDD3}.Release|Mixed Platforms.ActiveCfg = Release|Any CPU
		{733C84E7-58F2-4E09-AC82-58AFD7E7BDD3}.Release|Mixed Platforms.Build.0 = Release|Any CPU
		{733C84E7-58F2-4E09-AC82-58AFD7E7BDD3}.Release|Win32.ActiveCfg = Release|Any CPU
		{733C84E7-58F2-4E09-AC82-58AFD7E7BDD3}.Release|Win32.Build.0 = Release|Any CPU
		{733C84E7-58F2-4E09-AC82-58AFD7E7BDD3}.Release|x64.ActiveCfg = Release|x64
		{733C84E7-58F2-4E09-AC82-58AFD7E7BDD3}.Release|x64.Build.0 = Release|x64
		{733C84E7-58F2-4E09-AC82-58AFD7E7BDD3}.Release|x86.ActiveCfg = Release|x86
		{733C84E7-58F2-4E09-AC82-58AFD7E7BDD3}.Release|x86.Build.0 = Release|x86
		{6865F98A-B7F4-42B7-B877-4DB859A984D1}.Debug|Any CPU.ActiveCfg = Debug
		{6865F98A-B7F4-42B7-B877-4DB859A984D1}.Debug|Mixed Platforms.ActiveCfg = Debug
		{6865F98A-B7F4-42B7-B877-4DB859A984D1}.Debug|Win32.ActiveCfg = Debug
		{6865F98A-B7F4-42B7-B877-4DB859A984D1}.Debug|Win32.Build.0 = Debug
		{6865F98A-B7F4-42B7-B877-4DB859A984D1}.Debug|x64.ActiveCfg = Debug
		{6865F98A-B7F4-42B7-B877-4DB859A984D1}.Debug|x64.Build.0 = Debug
		{6865F98A-B7F4-42B7-B877-4DB859A984D1}.Debug|x86.ActiveCfg = Debug
		{6865F98A-B7F4-42B7-B877-4DB859A984D1}.Debug|x86.Build.0 = Debug
		{6865F98A-B7F4-42B7-B877-4DB859A984D1}.Release|Any CPU.ActiveCfg = Release
		{6865F98A-B7F4-42B7-B877-4DB859A984D1}.Release|Mixed Platforms.ActiveCfg = Release
		{6865F98A-B7F4-42B7-B877-4DB859A984D1}.Release|Win32.ActiveCfg = Release
		{6865F98A-B7F4-42B7-B877-4DB859A984D1}.Release|Win32.Build.0 = Release
		{6865F98A-B7F4-42B7-B877-4DB859A984D1}.Release|x64.ActiveCfg = Release
		{6865F98A-B7F4-42B7-B877-4DB859A984D1}.Release|x64.Build.0 = Release
		{6865F98A-B7F4-42B7-B877-4DB859A984D1}.Release|x86.ActiveCfg = Release
		{6865F98A-B7F4-42B7-B877-4DB859A984D1}.Release|x86.Build.0 = Release
		{14EA0E41-CBB8-45A3-9388-D40AE23D86F5}.Debug|Any CPU.ActiveCfg = Debug|Any CPU
		{14EA0E41-CBB8-45A3-9388-D40AE23D86F5}.Debug|Any CPU.Build.0 = Debug|Any CPU
		{14EA0E41-CBB8-45A3-9388-D40AE23D86F5}.Debug|Mixed Platforms.ActiveCfg = Debug|Any CPU
		{14EA0E41-CBB8-45A3-9388-D40AE23D86F5}.Debug|Mixed Platforms.Build.0 = Debug|Any CPU
		{14EA0E41-CBB8-45A3-9388-D40AE23D86F5}.Debug|Win32.ActiveCfg = Debug|Any CPU
		{14EA0E41-CBB8-45A3-9388-D40AE23D86F5}.Debug|x64.ActiveCfg = Debug|Any CPU
		{14EA0E41-CBB8-45A3-9388-D40AE23D86F5}.Debug|x86.ActiveCfg = Debug|Any CPU
		{14EA0E41-CBB8-45A3-9388-D40AE23D86F5}.Release|Any CPU.ActiveCfg = Release|Any CPU
		{14EA0E41-CBB8-45A3-9388-D40AE23D86F5}.Release|Any CPU.Build.0 = Release|Any CPU
		{14EA0E41-CBB8-45A3-9388-D40AE23D86F5}.Release|Mixed Platforms.ActiveCfg = Release|Any CPU
		{14EA0E41-CBB8-45A3-9388-D40AE23D86F5}.Release|Mixed Platforms.Build.0 = Release|Any CPU
		{14EA0E41-CBB8-45A3-9388-D40AE23D86F5}.Release|Win32.ActiveCfg = Release|Any CPU
		{14EA0E41-CBB8-45A3-9388-D40AE23D86F5}.Release|x64.ActiveCfg = Release|Any CPU
		{14EA0E41-CBB8-45A3-9388-D40AE23D86F5}.Release|x86.ActiveCfg = Release|Any CPU
		{6C205CAA-423D-48B8-813B-E586E105C71B}.Debug|Any CPU.ActiveCfg = Debug|Any CPU
		{6C205CAA-423D-48B8-813B-E586E105C71B}.Debug|Any CPU.Build.0 = Debug|Any CPU
		{6C205CAA-423D-48B8-813B-E586E105C71B}.Debug|Mixed Platforms.ActiveCfg = Debug|Any CPU
		{6C205CAA-423D-48B8-813B-E586E105C71B}.Debug|Mixed Platforms.Build.0 = Debug|Any CPU
		{6C205CAA-423D-48B8-813B-E586E105C71B}.Debug|Win32.ActiveCfg = Debug|Any CPU
		{6C205CAA-423D-48B8-813B-E586E105C71B}.Debug|x64.ActiveCfg = Debug|Any CPU
		{6C205CAA-423D-48B8-813B-E586E105C71B}.Debug|x86.ActiveCfg = Debug|Any CPU
		{6C205CAA-423D-48B8-813B-E586E105C71B}.Release|Any CPU.ActiveCfg = Release|Any CPU
		{6C205CAA-423D-48B8-813B-E586E105C71B}.Release|Any CPU.Build.0 = Release|Any CPU
		{6C205CAA-423D-48B8-813B-E586E105C71B}.Release|Mixed Platforms.ActiveCfg = Release|Any CPU
		{6C205CAA-423D-48B8-813B-E586E105C71B}.Release|Mixed Platforms.Build.0 = Release|Any CPU
		{6C205CAA-423D-48B8-813B-E586E105C71B}.Release|Win32.ActiveCfg = Release|Any CPU
		{6C205CAA-423D-48B8-813B-E586E105C71B}.Release|x64.ActiveCfg = Release|Any CPU
		{6C205CAA-423D-48B8-813B-E586E105C71B}.Release|x86.ActiveCfg = Release|Any CPU
		{737A81A8-553C-49A9-8F17-5ADF691A56B2}.Debug|Any CPU.ActiveCfg = Debug|Any CPU
		{737A81A8-553C-49A9-8F17-5ADF691A56B2}.Debug|Any CPU.Build.0 = Debug|Any CPU
		{737A81A8-553C-49A9-8F17-5ADF691A56B2}.Debug|Mixed Platforms.ActiveCfg = Debug|Any CPU
		{737A81A8-553C-49A9-8F17-5ADF691A56B2}.Debug|Mixed Platforms.Build.0 = Debug|Any CPU
		{737A81A8-553C-49A9-8F17-5ADF691A56B2}.Debug|Win32.ActiveCfg = Debug|Any CPU
		{737A81A8-553C-49A9-8F17-5ADF691A56B2}.Debug|Win32.Build.0 = Debug|Any CPU
		{737A81A8-553C-49A9-8F17-5ADF691A56B2}.Debug|x64.ActiveCfg = Debug|Any CPU
		{737A81A8-553C-49A9-8F17-5ADF691A56B2}.Debug|x64.Build.0 = Debug|Any CPU
		{737A81A8-553C-49A9-8F17-5ADF691A56B2}.Debug|x86.ActiveCfg = Debug|Any CPU
		{737A81A8-553C-49A9-8F17-5ADF691A56B2}.Debug|x86.Build.0 = Debug|Any CPU
		{737A81A8-553C-49A9-8F17-5ADF691A56B2}.Release|Any CPU.ActiveCfg = Release|Any CPU
		{737A81A8-553C-49A9-8F17-5ADF691A56B2}.Release|Any CPU.Build.0 = Release|Any CPU
		{737A81A8-553C-49A9-8F17-5ADF691A56B2}.Release|Mixed Platforms.ActiveCfg = Release|Any CPU
		{737A81A8-553C-49A9-8F17-5ADF691A56B2}.Release|Mixed Platforms.Build.0 = Release|Any CPU
		{737A81A8-553C-49A9-8F17-5ADF691A56B2}.Release|Win32.ActiveCfg = Release|Any CPU
		{737A81A8-553C-49A9-8F17-5ADF691A56B2}.Release|Win32.Build.0 = Release|Any CPU
		{737A81A8-553C-49A9-8F17-5ADF691A56B2}.Release|x64.ActiveCfg = Release|Any CPU
		{737A81A8-553C-49A9-8F17-5ADF691A56B2}.Release|x64.Build.0 = Release|Any CPU
		{737A81A8-553C-49A9-8F17-5ADF691A56B2}.Release|x86.ActiveCfg = Release|Any CPU
		{737A81A8-553C-49A9-8F17-5ADF691A56B2}.Release|x86.Build.0 = Release|Any CPU
	EndGlobalSection
	GlobalSection(SolutionProperties) = preSolution
		HideSolutionNode = FALSE
	EndGlobalSection
EndGlobal
