<?xml version="1.0" encoding="utf-8"?>
<Project ToolsVersion="4.0" xmlns="http://schemas.microsoft.com/developer/msbuild/2003">
  <ItemGroup>
    <None Include="SharpDX.XInput.dll" />
    <None Include="sharpdx_direct3d11_1_effects_arm.dll" />
    <None Include="sharpdx_direct3d11_1_effects_x64.dll" />
    <None Include="sharpdx_direct3d11_1_effects_x86.dll" />
    <None Include="sharpdx_direct3d11_effects_x64.dll" />
    <None Include="sharpdx_direct3d11_effects_x86.dll" />
    <None Include="SharpDX.D3DCompiler.dll" />
    <None Include="SharpDX.Direct2D1.dll" />
    <None Include="SharpDX.Direct3D9.dll" />
    <None Include="SharpDX.Direct3D10.dll" />
    <None Include="SharpDX.Direct3D11.dll" />
    <None Include="SharpDX.Direct3D11.Effects.dll" />
    <None Include="SharpDX.DirectInput.dll" />
    <None Include="SharpDX.DirectSound.dll" />
    <None Include="SharpDX.dll" />
    <None Include="SharpDX.DXGI.dll" />
    <None Include="SharpDX.MediaFoundation.dll" />
    <None Include="SharpDX.RawInput.dll" />
    <None Include="SharpDX.X3DAudio.dll" />
    <None Include="SharpDX.XACT3.dll" />
    <None Include="SharpDX.XAudio2.dll" />
  </ItemGroup>
  <ItemGroup>
    <Xml Include="SharpDX.XInput.xml" />
    <Xml Include="SharpDX.xml" />
    <Xml Include="SharpDX.D3DCompiler.xml" />
    <Xml Include="SharpDX.Direct2D1.xml" />
    <Xml Include="SharpDX.Direct3D9.xml" />
    <Xml Include="SharpDX.Direct3D10.xml" />
    <Xml Include="SharpDX.Direct3D11.Effects.xml" />
    <Xml Include="SharpDX.Direct3D11.xml" />
    <Xml Include="SharpDX.DirectInput.xml" />
    <Xml Include="SharpDX.DirectSound.xml" />
    <Xml Include="SharpDX.DXGI.xml" />
    <Xml Include="SharpDX.MediaFoundation.xml" />
    <Xml Include="SharpDX.RawInput.xml" />
    <Xml Include="SharpDX.X3DAudio.xml" />
    <Xml Include="SharpDX.XACT3.xml" />
    <Xml Include="SharpDX.XAudio2.xml" />
  </ItemGroup>
</Project>